// !$*UTF8*$!
{
	archiveVersion = 1;
	classes = {
	};
	objectVersion = 46;
	objects = {

/* Begin PBXBuildFile section */
		AC35D4515C0D71532C7BE286 /* Pods_proj_four.framework in Frameworks */ = {isa = PBXBuildFile; fileRef = ED2E9AB76A304AA48BABC778 /* Pods_proj_four.framework */; };
		D0CB27BF1E466228004F4BA7 /* AppDelegate.swift in Sources */ = {isa = PBXBuildFile; fileRef = D0CB27BE1E466228004F4BA7 /* AppDelegate.swift */; };
		D0CB27C11E466228004F4BA7 /* ViewController.swift in Sources */ = {isa = PBXBuildFile; fileRef = D0CB27C01E466228004F4BA7 /* ViewController.swift */; };
		D0CB27C41E466228004F4BA7 /* Main.storyboard in Resources */ = {isa = PBXBuildFile; fileRef = D0CB27C21E466228004F4BA7 /* Main.storyboard */; };
		D0CB27C71E466228004F4BA7 /* proj_four.xcdatamodeld in Sources */ = {isa = PBXBuildFile; fileRef = D0CB27C51E466228004F4BA7 /* proj_four.xcdatamodeld */; };
		D0CB27C91E466228004F4BA7 /* Assets.xcassets in Resources */ = {isa = PBXBuildFile; fileRef = D0CB27C81E466228004F4BA7 /* Assets.xcassets */; };
		D0CB27CC1E466228004F4BA7 /* LaunchScreen.storyboard in Resources */ = {isa = PBXBuildFile; fileRef = D0CB27CA1E466228004F4BA7 /* LaunchScreen.storyboard */; };
/* End PBXBuildFile section */

/* Begin PBXFileReference section */
		D0CB27BB1E466228004F4BA7 /* proj-four.app */ = {isa = PBXFileReference; explicitFileType = wrapper.application; includeInIndex = 0; path = "proj-four.app"; sourceTree = BUILT_PRODUCTS_DIR; };
		D0CB27BE1E466228004F4BA7 /* AppDelegate.swift */ = {isa = PBXFileReference; lastKnownFileType = sourcecode.swift; path = AppDelegate.swift; sourceTree = "<group>"; };
		D0CB27C01E466228004F4BA7 /* ViewController.swift */ = {isa = PBXFileReference; lastKnownFileType = sourcecode.swift; path = ViewController.swift; sourceTree = "<group>"; };
		D0CB27C31E466228004F4BA7 /* Base */ = {isa = PBXFileReference; lastKnownFileType = file.storyboard; name = Base; path = Base.lproj/Main.storyboard; sourceTree = "<group>"; };
		D0CB27C61E466228004F4BA7 /* proj_four.xcdatamodel */ = {isa = PBXFileReference; lastKnownFileType = wrapper.xcdatamodel; path = proj_four.xcdatamodel; sourceTree = "<group>"; };
		D0CB27C81E466228004F4BA7 /* Assets.xcassets */ = {isa = PBXFileReference; lastKnownFileType = folder.assetcatalog; path = Assets.xcassets; sourceTree = "<group>"; };
		D0CB27CB1E466228004F4BA7 /* Base */ = {isa = PBXFileReference; lastKnownFileType = file.storyboard; name = Base; path = Base.lproj/LaunchScreen.storyboard; sourceTree = "<group>"; };
		D0CB27CD1E466228004F4BA7 /* Info.plist */ = {isa = PBXFileReference; lastKnownFileType = text.plist.xml; path = Info.plist; sourceTree = "<group>"; };
		DD7B34E476FF95F6FF8BE5D5 /* Pods-proj-four.debug.xcconfig */ = {isa = PBXFileReference; includeInIndex = 1; lastKnownFileType = text.xcconfig; name = "Pods-proj-four.debug.xcconfig"; path = "Pods/Target Support Files/Pods-proj-four/Pods-proj-four.debug.xcconfig"; sourceTree = "<group>"; };
		ED2E9AB76A304AA48BABC778 /* Pods_proj_four.framework */ = {isa = PBXFileReference; explicitFileType = wrapper.framework; includeInIndex = 0; path = Pods_proj_four.framework; sourceTree = BUILT_PRODUCTS_DIR; };
		FF6F4C5250739C24D8316267 /* Pods-proj-four.release.xcconfig */ = {isa = PBXFileReference; includeInIndex = 1; lastKnownFileType = text.xcconfig; name = "Pods-proj-four.release.xcconfig"; path = "Pods/Target Support Files/Pods-proj-four/Pods-proj-four.release.xcconfig"; sourceTree = "<group>"; };
/* End PBXFileReference section */

/* Begin PBXFrameworksBuildPhase section */
		D0CB27B81E466228004F4BA7 /* Frameworks */ = {
			isa = PBXFrameworksBuildPhase;
			buildActionMask = 2147483647;
			files = (
				AC35D4515C0D71532C7BE286 /* Pods_proj_four.framework in Frameworks */,
			);
			runOnlyForDeploymentPostprocessing = 0;
		};
/* End PBXFrameworksBuildPhase section */

/* Begin PBXGroup section */
		171F2E4C64223B9904C79FC4 /* Frameworks */ = {
			isa = PBXGroup;
			children = (
				ED2E9AB76A304AA48BABC778 /* Pods_proj_four.framework */,
			);
			name = Frameworks;
			sourceTree = "<group>";
		};
		1D8F0BCF167B890D467C38DC /* Pods */ = {
			isa = PBXGroup;
			children = (
				DD7B34E476FF95F6FF8BE5D5 /* Pods-proj-four.debug.xcconfig */,
				FF6F4C5250739C24D8316267 /* Pods-proj-four.release.xcconfig */,
			);
			name = Pods;
			sourceTree = "<group>";
		};
		D0CB27B21E466228004F4BA7 = {
			isa = PBXGroup;
			children = (
				D0CB27BD1E466228004F4BA7 /* proj-four */,
				D0CB27BC1E466228004F4BA7 /* Products */,
				1D8F0BCF167B890D467C38DC /* Pods */,
				171F2E4C64223B9904C79FC4 /* Frameworks */,
			);
			sourceTree = "<group>";
		};
		D0CB27BC1E466228004F4BA7 /* Products */ = {
			isa = PBXGroup;
			children = (
				D0CB27BB1E466228004F4BA7 /* proj-four.app */,
			);
			name = Products;
			sourceTree = "<group>";
		};
		D0CB27BD1E466228004F4BA7 /* proj-four */ = {
			isa = PBXGroup;
			children = (
				D0CB27BE1E466228004F4BA7 /* AppDelegate.swift */,
				D0CB27C01E466228004F4BA7 /* ViewController.swift */,
				D0CB27C21E466228004F4BA7 /* Main.storyboard */,
				D0CB27C81E466228004F4BA7 /* Assets.xcassets */,
				D0CB27CA1E466228004F4BA7 /* LaunchScreen.storyboard */,
				D0CB27CD1E466228004F4BA7 /* Info.plist */,
				D0CB27C51E466228004F4BA7 /* proj_four.xcdatamodeld */,
			);
			path = "proj-four";
			sourceTree = "<group>";
		};
/* End PBXGroup section */

/* Begin PBXNativeTarget section */
		D0CB27BA1E466228004F4BA7 /* proj-four */ = {
			isa = PBXNativeTarget;
			buildConfigurationList = D0CB27D01E466228004F4BA7 /* Build configuration list for PBXNativeTarget "proj-four" */;
			buildPhases = (
				6B9A8B23CA8456DC187AFB78 /* [CP] Check Pods Manifest.lock */,
				D0CB27B71E466228004F4BA7 /* Sources */,
				D0CB27B81E466228004F4BA7 /* Frameworks */,
				D0CB27B91E466228004F4BA7 /* Resources */,
				0F9024093E02F732F1F62FF1 /* [CP] Embed Pods Frameworks */,
				961C010D5A47B49269633F9E /* [CP] Copy Pods Resources */,
			);
			buildRules = (
			);
			dependencies = (
			);
			name = "proj-four";
			productName = "proj-four";
			productReference = D0CB27BB1E466228004F4BA7 /* proj-four.app */;
			productType = "com.apple.product-type.application";
		};
/* End PBXNativeTarget section */

/* Begin PBXProject section */
		D0CB27B31E466228004F4BA7 /* Project object */ = {
			isa = PBXProject;
			attributes = {
				LastSwiftUpdateCheck = 0820;
				LastUpgradeCheck = 0820;
				ORGANIZATIONNAME = "Alex Mitchell";
				TargetAttributes = {
					D0CB27BA1E466228004F4BA7 = {
						CreatedOnToolsVersion = 8.2.1;
						DevelopmentTeam = SLXQD48E5E;
						ProvisioningStyle = Automatic;
					};
				};
			};
			buildConfigurationList = D0CB27B61E466228004F4BA7 /* Build configuration list for PBXProject "proj-four" */;
			compatibilityVersion = "Xcode 3.2";
			developmentRegion = English;
			hasScannedForEncodings = 0;
			knownRegions = (
				en,
				Base,
			);
			mainGroup = D0CB27B21E466228004F4BA7;
			productRefGroup = D0CB27BC1E466228004F4BA7 /* Products */;
			projectDirPath = "";
			projectRoot = "";
			targets = (
				D0CB27BA1E466228004F4BA7 /* proj-four */,
			);
		};
/* End PBXProject section */

/* Begin PBXResourcesBuildPhase section */
		D0CB27B91E466228004F4BA7 /* Resources */ = {
			isa = PBXResourcesBuildPhase;
			buildActionMask = 2147483647;
			files = (
				D0CB27CC1E466228004F4BA7 /* LaunchScreen.storyboard in Resources */,
				D0CB27C91E466228004F4BA7 /* Assets.xcassets in Resources */,
				D0CB27C41E466228004F4BA7 /* Main.storyboard in Resources */,
			);
			runOnlyForDeploymentPostprocessing = 0;
		};
/* End PBXResourcesBuildPhase section */

/* Begin PBXShellScriptBuildPhase section */
		0F9024093E02F732F1F62FF1 /* [CP] Embed Pods Frameworks */ = {
			isa = PBXShellScriptBuildPhase;
			buildActionMask = 2147483647;
			files = (
			);
			inputPaths = (
			);
			name = "[CP] Embed Pods Frameworks";
			outputPaths = (
			);
			runOnlyForDeploymentPostprocessing = 0;
			shellPath = /bin/sh;
			shellScript = "\"${SRCROOT}/Pods/Target Support Files/Pods-proj-four/Pods-proj-four-frameworks.sh\"\n";
			showEnvVarsInLog = 0;
		};
		6B9A8B23CA8456DC187AFB78 /* [CP] Check Pods Manifest.lock */ = {
			isa = PBXShellScriptBuildPhase;
			buildActionMask = 2147483647;
			files = (
			);
			inputPaths = (
			);
			name = "[CP] Check Pods Manifest.lock";
			outputPaths = (
			);
			runOnlyForDeploymentPostprocessing = 0;
			shellPath = /bin/sh;
			shellScript = "diff \"${PODS_ROOT}/../Podfile.lock\" \"${PODS_ROOT}/Manifest.lock\" > /dev/null\nif [ $? != 0 ] ; then\n    # print error to STDERR\n    echo \"error: The sandbox is not in sync with the Podfile.lock. Run 'pod install' or update your CocoaPods installation.\" >&2\n    exit 1\nfi\n";
			showEnvVarsInLog = 0;
		};
		961C010D5A47B49269633F9E /* [CP] Copy Pods Resources */ = {
			isa = PBXShellScriptBuildPhase;
			buildActionMask = 2147483647;
			files = (
			);
			inputPaths = (
			);
			name = "[CP] Copy Pods Resources";
			outputPaths = (
			);
			runOnlyForDeploymentPostprocessing = 0;
			shellPath = /bin/sh;
			shellScript = "\"${SRCROOT}/Pods/Target Support Files/Pods-proj-four/Pods-proj-four-resources.sh\"\n";
			showEnvVarsInLog = 0;
		};
/* End PBXShellScriptBuildPhase section */

/* Begin PBXSourcesBuildPhase section */
		D0CB27B71E466228004F4BA7 /* Sources */ = {
			isa = PBXSourcesBuildPhase;
			buildActionMask = 2147483647;
			files = (
				D0CB27C11E466228004F4BA7 /* ViewController.swift in Sources */,
				D0CB27BF1E466228004F4BA7 /* AppDelegate.swift in Sources */,
				D0CB27C71E466228004F4BA7 /* proj_four.xcdatamodeld in Sources */,
			);
			runOnlyForDeploymentPostprocessing = 0;
		};
/* End PBXSourcesBuildPhase section */

/* Begin PBXVariantGroup section */
		D0CB27C21E466228004F4BA7 /* Main.storyboard */ = {
			isa = PBXVariantGroup;
			children = (
				D0CB27C31E466228004F4BA7 /* Base */,
			);
			name = Main.storyboard;
			sourceTree = "<group>";
		};
		D0CB27CA1E466228004F4BA7 /* LaunchScreen.storyboard */ = {
			isa = PBXVariantGroup;
			children = (
				D0CB27CB1E466228004F4BA7 /* Base */,
			);
			name = LaunchScreen.storyboard;
			sourceTree = "<group>";
		};
/* End PBXVariantGroup section */

/* Begin XCBuildConfiguration section */
		D0CB27CE1E466228004F4BA7 /* Debug */ = {
			isa = XCBuildConfiguration;
			buildSettings = {
				ALWAYS_SEARCH_USER_PATHS = NO;
				CLANG_ANALYZER_NONNULL = YES;
				CLANG_CXX_LANGUAGE_STANDARD = "gnu++0x";
				CLANG_CXX_LIBRARY = "libc++";
				CLANG_ENABLE_MODULES = YES;
				CLANG_ENABLE_OBJC_ARC = YES;
				CLANG_WARN_BOOL_CONVERSION = YES;
				CLANG_WARN_CONSTANT_CONVERSION = YES;
				CLANG_WARN_DIRECT_OBJC_ISA_USAGE = YES_ERROR;
				CLANG_WARN_DOCUMENTATION_COMMENTS = YES;
				CLANG_WARN_EMPTY_BODY = YES;
				CLANG_WARN_ENUM_CONVERSION = YES;
				CLANG_WARN_INFINITE_RECURSION = YES;
				CLANG_WARN_INT_CONVERSION = YES;
				CLANG_WARN_OBJC_ROOT_CLASS = YES_ERROR;
				CLANG_WARN_SUSPICIOUS_MOVE = YES;
				CLANG_WARN_UNREACHABLE_CODE = YES;
				CLANG_WARN__DUPLICATE_METHOD_MATCH = YES;
				"CODE_SIGN_IDENTITY[sdk=iphoneos*]" = "iPhone Developer";
				COPY_PHASE_STRIP = NO;
				DEBUG_INFORMATION_FORMAT = dwarf;
				ENABLE_STRICT_OBJC_MSGSEND = YES;
				ENABLE_TESTABILITY = YES;
				GCC_C_LANGUAGE_STANDARD = gnu99;
				GCC_DYNAMIC_NO_PIC = NO;
				GCC_NO_COMMON_BLOCKS = YES;
				GCC_OPTIMIZATION_LEVEL = 0;
				GCC_PREPROCESSOR_DEFINITIONS = (
					"DEBUG=1",
					"$(inherited)",
				);
				GCC_WARN_64_TO_32_BIT_CONVERSION = YES;
				GCC_WARN_ABOUT_RETURN_TYPE = YES_ERROR;
				GCC_WARN_UNDECLARED_SELECTOR = YES;
				GCC_WARN_UNINITIALIZED_AUTOS = YES_AGGRESSIVE;
				GCC_WARN_UNUSED_FUNCTION = YES;
				GCC_WARN_UNUSED_VARIABLE = YES;
				IPHONEOS_DEPLOYMENT_TARGET = 10.2;
				MTL_ENABLE_DEBUG_INFO = YES;
				ONLY_ACTIVE_ARCH = YES;
				SDKROOT = iphoneos;
				SWIFT_ACTIVE_COMPILATION_CONDITIONS = DEBUG;
				SWIFT_OPTIMIZATION_LEVEL = "-Onone";
			};
			name = Debug;
		};
		D0CB27CF1E466228004F4BA7 /* Release */ = {
			isa = XCBuildConfiguration;
			buildSettings = {
				ALWAYS_SEARCH_USER_PATHS = NO;
				CLANG_ANALYZER_NONNULL = YES;
				CLANG_CXX_LANGUAGE_STANDARD = "gnu++0x";
				CLANG_CXX_LIBRARY = "libc++";
				CLANG_ENABLE_MODULES = YES;
				CLANG_ENABLE_OBJC_ARC = YES;
				CLANG_WARN_BOOL_CONVERSION = YES;
				CLANG_WARN_CONSTANT_CONVERSION = YES;
				CLANG_WARN_DIRECT_OBJC_ISA_USAGE = YES_ERROR;
				CLANG_WARN_DOCUMENTATION_COMMENTS = YES;
				CLANG_WARN_EMPTY_BODY = YES;
				CLANG_WARN_ENUM_CONVERSION = YES;
				CLANG_WARN_INFINITE_RECURSION = YES;
				CLANG_WARN_INT_CONVERSION = YES;
				CLANG_WARN_OBJC_ROOT_CLASS = YES_ERROR;
				CLANG_WARN_SUSPICIOUS_MOVE = YES;
				CLANG_WARN_UNREACHABLE_CODE = YES;
				CLANG_WARN__DUPLICATE_METHOD_MATCH = YES;
				"CODE_SIGN_IDENTITY[sdk=iphoneos*]" = "iPhone Developer";
				COPY_PHASE_STRIP = NO;
				DEBUG_INFORMATION_FORMAT = "dwarf-with-dsym";
				ENABLE_NS_ASSERTIONS = NO;
				ENABLE_STRICT_OBJC_MSGSEND = YES;
				GCC_C_LANGUAGE_STANDARD = gnu99;
				GCC_NO_COMMON_BLOCKS = YES;
				GCC_WARN_64_TO_32_BIT_CONVERSION = YES;
				GCC_WARN_ABOUT_RETURN_TYPE = YES_ERROR;
				GCC_WARN_UNDECLARED_SELECTOR = YES;
				GCC_WARN_UNINITIALIZED_AUTOS = YES_AGGRESSIVE;
				GCC_WARN_UNUSED_FUNCTION = YES;
				GCC_WARN_UNUSED_VARIABLE = YES;
				IPHONEOS_DEPLOYMENT_TARGET = 10.2;
				MTL_ENABLE_DEBUG_INFO = NO;
				SDKROOT = iphoneos;
				SWIFT_OPTIMIZATION_LEVEL = "-Owholemodule";
				VALIDATE_PRODUCT = YES;
			};
			name = Release;
		};
		D0CB27D11E466228004F4BA7 /* Debug */ = {
			isa = XCBuildConfiguration;
			baseConfigurationReference = DD7B34E476FF95F6FF8BE5D5 /* Pods-proj-four.debug.xcconfig */;
			buildSettings = {
				ASSETCATALOG_COMPILER_APPICON_NAME = AppIcon;
				DEVELOPMENT_TEAM = SLXQD48E5E;
				INFOPLIST_FILE = "proj-four/Info.plist";
				LD_RUNPATH_SEARCH_PATHS = "$(inherited) @executable_path/Frameworks";
				PRODUCT_BUNDLE_IDENTIFIER = "alex.proj-four";
				PRODUCT_NAME = "$(TARGET_NAME)";
				SWIFT_VERSION = 3.0;
			};
			name = Debug;
		};
		D0CB27D21E466228004F4BA7 /* Release */ = {
			isa = XCBuildConfiguration;
			baseConfigurationReference = FF6F4C5250739C24D8316267 /* Pods-proj-four.release.xcconfig */;
			buildSettings = {
				ASSETCATALOG_COMPILER_APPICON_NAME = AppIcon;
				DEVELOPMENT_TEAM = SLXQD48E5E;
				INFOPLIST_FILE = "proj-four/Info.plist";
				LD_RUNPATH_SEARCH_PATHS = "$(inherited) @executable_path/Frameworks";
				PRODUCT_BUNDLE_IDENTIFIER = "alex.proj-four";
				PRODUCT_NAME = "$(TARGET_NAME)";
				SWIFT_VERSION = 3.0;
			};
			name = Release;
		};
/* End XCBuildConfiguration section */

/* Begin XCConfigurationList section */
		D0CB27B61E466228004F4BA7 /* Build configuration list for PBXProject "proj-four" */ = {
			isa = XCConfigurationList;
			buildConfigurations = (
				D0CB27CE1E466228004F4BA7 /* Debug */,
				D0CB27CF1E466228004F4BA7 /* Release */,
			);
			defaultConfigurationIsVisible = 0;
			defaultConfigurationName = Release;
		};
		D0CB27D01E466228004F4BA7 /* Build configuration list for PBXNativeTarget "proj-four" */ = {
			isa = XCConfigurationList;
			buildConfigurations = (
				D0CB27D11E466228004F4BA7 /* Debug */,
				D0CB27D21E466228004F4BA7 /* Release */,
			);
			defaultConfigurationIsVisible = 0;
		};
/* End XCConfigurationList section */

/* Begin XCVersionGroup section */
		D0CB27C51E466228004F4BA7 /* proj_four.xcdatamodeld */ = {
			isa = XCVersionGroup;
			children = (
				D0CB27C61E466228004F4BA7 /* proj_four.xcdatamodel */,
			);
			currentVersion = D0CB27C61E466228004F4BA7 /* proj_four.xcdatamodel */;
			path = proj_four.xcdatamodeld;
			sourceTree = "<group>";
			versionGroupType = wrapper.xcdatamodel;
		};
/* End XCVersionGroup section */
	};
	rootObject = D0CB27B31E466228004F4BA7 /* Project object */;
}
